
Microsoft Visual Studio Solution File, Format Version 12.00
# Visual Studio Version 16
VisualStudioVersion = 16.0.31005.135
MinimumVisualStudioVersion = 10.0.40219.1
Project("{FAE04EC0-301F-11D3-BF4B-00C04F79EFBC}") = "Nfts", "Nfts\Nfts.csproj", "{84409414-B59E-4148-A4A9-353391DF5934}"
EndProject
Global
	GlobalSection(SolutionConfigurationPlatforms) = preSolution
		Debug|Any CPU = Debug|Any CPU
		Release|Any CPU = Release|Any CPU
	EndGlobalSection
	GlobalSection(ProjectConfigurationPlatforms) = postSolution
		{84409414-B59E-4148-A4A9-353391DF5934}.Debug|Any CPU.ActiveCfg = Debug|Any CPU
		{84409414-B59E-4148-A4A9-353391DF5934}.Debug|Any CPU.Build.0 = Debug|Any CPU
		{84409414-B59E-4148-A4A9-353391DF5934}.Release|Any CPU.ActiveCfg = Release|Any CPU
		{84409414-B59E-4148-A4A9-353391DF5934}.Release|Any CPU.Build.0 = Release|Any CPU
	EndGlobalSection
	GlobalSection(SolutionProperties) = preSolution
		HideSolutionNode = FALSE
	EndGlobalSection
	GlobalSection(ExtensibilityGlobals) = postSolution
		SolutionGuid = {0856A82E-AA2F-49CA-9869-06C8AE4BC6DE}
	EndGlobalSection
EndGlobal
